
Microsoft Visual Studio Solution File, Format Version 12.00
# Visual Studio Version 17
VisualStudioVersion = 17.9.34728.123
MinimumVisualStudioVersion = 10.0.40219.1
Project("{FAE04EC0-301F-11D3-BF4B-00C04F79EFBC}") = "SmartRichTextBox", "SmartRichTextBox\SmartRichTextBox.csproj", "{A7D7B0C7-52EC-4CA6-AD6F-2726607A34FD}"
EndProject
Global
	GlobalSection(SolutionConfigurationPlatforms) = preSolution
		Debug|Any CPU = Debug|Any CPU
		Release|Any CPU = Release|Any CPU
	EndGlobalSection
	GlobalSection(ProjectConfigurationPlatforms) = postSolution
		{A7D7B0C7-52EC-4CA6-AD6F-2726607A34FD}.Debug|Any CPU.ActiveCfg = Debug|Any CPU
		{A7D7B0C7-52EC-4CA6-AD6F-2726607A34FD}.Debug|Any CPU.Build.0 = Debug|Any CPU
		{A7D7B0C7-52EC-4CA6-AD6F-2726607A34FD}.Release|Any CPU.ActiveCfg = Release|Any CPU
		{A7D7B0C7-52EC-4CA6-AD6F-2726607A34FD}.Release|Any CPU.Build.0 = Release|Any CPU
	EndGlobalSection
	GlobalSection(SolutionProperties) = preSolution
		HideSolutionNode = FALSE
	EndGlobalSection
	GlobalSection(ExtensibilityGlobals) = postSolution
		SolutionGuid = {2DB36884-D4E4-4EB3-9E50-3A5886156FA7}
	EndGlobalSection
EndGlobal
